
Microsoft Visual Studio Solution File, Format Version 12.00
# Visual Studio Version 17
VisualStudioVersion = 17.1.32407.343
MinimumVisualStudioVersion = 10.0.40219.1
Project("{9A19103F-16F7-4668-BE54-9A1E7A4F7556}") = "HatchPatchWeb2", "HatchPatchWeb2\HatchPatchWeb2.csproj", "{A9553805-62B6-4A18-A48F-EEE088DDBC44}"
EndProject
Global
	GlobalSection(SolutionConfigurationPlatforms) = preSolution
		Debug|Any CPU = Debug|Any CPU
		Release|Any CPU = Release|Any CPU
	EndGlobalSection
	GlobalSection(ProjectConfigurationPlatforms) = postSolution
		{A9553805-62B6-4A18-A48F-EEE088DDBC44}.Debug|Any CPU.ActiveCfg = Debug|Any CPU
		{A9553805-62B6-4A18-A48F-EEE088DDBC44}.Debug|Any CPU.Build.0 = Debug|Any CPU
		{A9553805-62B6-4A18-A48F-EEE088DDBC44}.Release|Any CPU.ActiveCfg = Release|Any CPU
		{A9553805-62B6-4A18-A48F-EEE088DDBC44}.Release|Any CPU.Build.0 = Release|Any CPU
	EndGlobalSection
	GlobalSection(SolutionProperties) = preSolution
		HideSolutionNode = FALSE
	EndGlobalSection
	GlobalSection(ExtensibilityGlobals) = postSolution
		SolutionGuid = {C152BA5D-49EC-411C-B811-BB5ADE8E4876}
	EndGlobalSection
EndGlobal
